
Microsoft Visual Studio Solution File, Format Version 12.00
# Visual Studio 15
VisualStudioVersion = 15.0.28307.168
MinimumVisualStudioVersion = 10.0.40219.1
Project("{FAE04EC0-301F-11D3-BF4B-00C04F79EFBC}") = "ShopBack", "ShopBack\ShopBack.csproj", "{92D21655-E14D-4E0C-9D34-F26CF928B998}"
EndProject
Project("{FAE04EC0-301F-11D3-BF4B-00C04F79EFBC}") = "ShopBackTest", "ShopBackTest\ShopBackTest.csproj", "{948ADCB3-FB29-48EA-83D0-0F21614D514E}"
EndProject
Global
	GlobalSection(SolutionConfigurationPlatforms) = preSolution
		Debug|Any CPU = Debug|Any CPU
		Release|Any CPU = Release|Any CPU
	EndGlobalSection
	GlobalSection(ProjectConfigurationPlatforms) = postSolution
		{92D21655-E14D-4E0C-9D34-F26CF928B998}.Debug|Any CPU.ActiveCfg = Debug|Any CPU
		{92D21655-E14D-4E0C-9D34-F26CF928B998}.Debug|Any CPU.Build.0 = Debug|Any CPU
		{92D21655-E14D-4E0C-9D34-F26CF928B998}.Release|Any CPU.ActiveCfg = Release|Any CPU
		{92D21655-E14D-4E0C-9D34-F26CF928B998}.Release|Any CPU.Build.0 = Release|Any CPU
		{948ADCB3-FB29-48EA-83D0-0F21614D514E}.Debug|Any CPU.ActiveCfg = Debug|Any CPU
		{948ADCB3-FB29-48EA-83D0-0F21614D514E}.Debug|Any CPU.Build.0 = Debug|Any CPU
		{948ADCB3-FB29-48EA-83D0-0F21614D514E}.Release|Any CPU.ActiveCfg = Release|Any CPU
		{948ADCB3-FB29-48EA-83D0-0F21614D514E}.Release|Any CPU.Build.0 = Release|Any CPU
	EndGlobalSection
	GlobalSection(SolutionProperties) = preSolution
		HideSolutionNode = FALSE
	EndGlobalSection
	GlobalSection(ExtensibilityGlobals) = postSolution
		SolutionGuid = {92D47729-46A7-497E-B6CF-F46E96195EF1}
	EndGlobalSection
EndGlobal
